memo = "4ecd9ae671c9a01d065c4c25edca9c177bf8780037b118e1bb4c89105e0cf1f7"

[[projects]]
  branch = "master"
  name = "github.com/beorn7/perks"
  packages = ["quantile"]
  revision = "b965b613227fddccbfffe13eae360ed3fa822f8d"

[[projects]]
  branch = "master"
  name = "github.com/golang/protobuf"
  packages = ["proto"]
  revision = "69b215d01a5606c843240eab4937eab3acee6530"

[[projects]]
  branch = "master"
  name = "github.com/matttproud/golang_protobuf_extensions"
  packages = ["pbutil"]
  revision = "d0c3fe89de86839aecf2e0579c40ba3bb336a453"

[[projects]]
  branch = "master"
  name = "github.com/pkg/errors"
  packages = ["."]
  revision = "839d9e913e063e28dfd0e6c7b7512793e0a48be9"

[[projects]]
  branch = "master"
  name = "github.com/prometheus/client_golang"
  packages = ["prometheus"]
  revision = "d38f1ef46f0d78136db3e585f7ebe1bcc3476f73"

[[projects]]
  branch = "master"
  name = "github.com/prometheus/client_model"
  packages = ["go"]
  revision = "fa8ad6fec33561be4280a8f0514318c79d7f6cb6"

[[projects]]
  branch = "master"
  name = "github.com/prometheus/common"
  packages = ["expfmt","internal/bitbucket.org/ww/goautoneg","model"]
  revision = "23070236b1ebff452f494ae831569545c2b61d26"

[[projects]]
  branch = "master"
  name = "github.com/prometheus/procfs"
  packages = ["."]
  revision = "406e5b7bfd8201a36e2bb5f7bdae0b03380c2ce8"

[[projects]]
  branch = "master"
  name = "github.com/ybbus/jsonrpc"
  packages = ["."]
  revision = "a34aaad062320b7b1c4644f8f7371646f264e21d"

[[projects]]
  branch = "master"
  name = "github.com/mmoya/faircoin_rpcclient"
  packages = ["."]
  revision = "d19440c2040da729bc288e8d11fedf95d676da36"
